<?xml version="1.0" encoding="utf-8"?>
<Project ToolsVersion="4.0" xmlns="http://schemas.microsoft.com/developer/msbuild/2003">
  <ItemGroup>
    <Filter Include="源文件">
      <UniqueIdentifier>{4FC737F1-C7A5-4376-A066-2A32D752A2FF}</UniqueIdentifier>
      <Extensions>cpp;c;cc;cxx;def;odl;idl;hpj;bat;asm;asmx</Extensions>
    </Filter>
    <Filter Include="头文件">
      <UniqueIdentifier>{93995380-89BD-4b04-88EB-625FBE52EBFB}</UniqueIdentifier>
      <Extensions>h;hh;hpp;hxx;hm;inl;inc;ipp;xsd</Extensions>
    </Filter>
    <Filter Include="资源文件">
      <UniqueIdentifier>{67DA6AB6-F800-4c08-8B7A-83BB121AAD01}</UniqueIdentifier>
      <Extensions>rc;ico;cur;bmp;dlg;rc2;rct;bin;rgs;gif;jpg;jpeg;jpe;resx;tiff;tif;png;wav;mfcribbon-ms</Extensions>
    </Filter>
    <Filter Include="Chapter01">
      <UniqueIdentifier>{9eb46f15-2bad-417a-8c80-717bdde2ace5}</UniqueIdentifier>
    </Filter>
    <Filter Include="Chapter02">
      <UniqueIdentifier>{4641daf9-3bb4-4d27-b55d-623721fb94a9}</UniqueIdentifier>
    </Filter>
    <Filter Include="Chapter03">
      <UniqueIdentifier>{4fa8f21c-abd2-46d4-b666-1fa5f578e902}</UniqueIdentifier>
    </Filter>
    <Filter Include="Chapter04">
      <UniqueIdentifier>{991b379f-cffc-47a2-ae43-420f1054a4c1}</UniqueIdentifier>
    </Filter>
    <Filter Include="Chapter05">
      <UniqueIdentifier>{aa8b5b5a-35c4-4ce7-9527-a24f0494e538}</UniqueIdentifier>
    </Filter>
    <Filter Include="Chapter06">
      <UniqueIdentifier>{af822eea-09b5-4ead-bdff-477b7d7fae7a}</UniqueIdentifier>
    </Filter>
    <Filter Include="Chapter07">
      <UniqueIdentifier>{86633765-69ae-4f2e-bd36-affce159ae44}</UniqueIdentifier>
    </Filter>
  </ItemGroup>
  <ItemGroup>
    <ClCompile Include="InsideCppObjectModel.cpp">
      <Filter>源文件</Filter>
    </ClCompile>
    <ClCompile Include="Chapter03\VirtualInheritance.cpp">
      <Filter>Chapter03</Filter>
    </ClCompile>
    <ClCompile Include="Chapter03\MultiInheritance.cpp">
      <Filter>Chapter03</Filter>
    </ClCompile>
    <ClCompile Include="Chapter03\Vertex3d.cpp">
      <Filter>Chapter03</Filter>
    </ClCompile>
  </ItemGroup>
  <ItemGroup>
    <ClInclude Include="Chapter03\VirtualInheritance.h">
      <Filter>Chapter03</Filter>
    </ClInclude>
    <ClInclude Include="Chapter03\MultiInheritance.h">
      <Filter>Chapter03</Filter>
    </ClInclude>
    <ClInclude Include="Chapter03\Vertex3d.h">
      <Filter>Chapter03</Filter>
    </ClInclude>
  </ItemGroup>
</Project>